
Microsoft Visual Studio Solution File, Format Version 12.00
# Visual Studio 2012
Project("{FAE04EC0-301F-11D3-BF4B-00C04F79EFBC}") = "TestGitHub", "TestGitHub\TestGitHub.csproj", "{A51C90C4-2384-4B9B-A360-8CDB35D691DC}"
EndProject
Global
	GlobalSection(SolutionConfigurationPlatforms) = preSolution
		Debug|Any CPU = Debug|Any CPU
		Release|Any CPU = Release|Any CPU
	EndGlobalSection
	GlobalSection(ProjectConfigurationPlatforms) = postSolution
		{A51C90C4-2384-4B9B-A360-8CDB35D691DC}.Debug|Any CPU.ActiveCfg = Debug|Any CPU
		{A51C90C4-2384-4B9B-A360-8CDB35D691DC}.Debug|Any CPU.Build.0 = Debug|Any CPU
		{A51C90C4-2384-4B9B-A360-8CDB35D691DC}.Release|Any CPU.ActiveCfg = Release|Any CPU
		{A51C90C4-2384-4B9B-A360-8CDB35D691DC}.Release|Any CPU.Build.0 = Release|Any CPU
	EndGlobalSection
	GlobalSection(SolutionProperties) = preSolution
		HideSolutionNode = FALSE
	EndGlobalSection
EndGlobal
